
Microsoft Visual Studio Solution File, Format Version 12.00
# Visual Studio Version 16
VisualStudioVersion = 16.0.31112.23
MinimumVisualStudioVersion = 10.0.40219.1
Project("{2150E333-8FDC-42A3-9474-1A3956D46DE8}") = "01 - Services", "01 - Services", "{5CCEFFDD-FEAF-467C-BA26-92166810FEF7}"
EndProject
Project("{2150E333-8FDC-42A3-9474-1A3956D46DE8}") = "02 - Application", "02 - Application", "{3BEBA279-41CD-4988-AF1F-CF34BD5626FE}"
EndProject
Project("{2150E333-8FDC-42A3-9474-1A3956D46DE8}") = "03 - Domain", "03 - Domain", "{E5C8EB2F-9037-451E-92C2-4F1B77187442}"
EndProject
Project("{2150E333-8FDC-42A3-9474-1A3956D46DE8}") = "04 - Infra", "04 - Infra", "{83B72140-4D64-42A8-A543-759038FE39DF}"
EndProject
Project("{FAE04EC0-301F-11D3-BF4B-00C04F79EFBC}") = "Anuncios.Servico.API", "Anuncio.Servico.API\Anuncios.Servico.API.csproj", "{9C5D6F5E-A580-4C72-B4B4-684680E57240}"
EndProject
Project("{FAE04EC0-301F-11D3-BF4B-00C04F79EFBC}") = "Anuncios.Application", "Anuncios.Application\Anuncios.Application.csproj", "{3732E273-1988-46D5-A782-50C0BB55E1E8}"
EndProject
Project("{FAE04EC0-301F-11D3-BF4B-00C04F79EFBC}") = "Anuncios.Domain", "Anuncios.Domain\Anuncios.Domain.csproj", "{B66D5613-CB37-4A5D-B15B-E47FC1F94B38}"
EndProject
Project("{FAE04EC0-301F-11D3-BF4B-00C04F79EFBC}") = "Anuncios.Infra.Data", "Anuncios.Infra.Data\Anuncios.Infra.Data.csproj", "{5C723673-3898-434B-BB89-32A733974356}"
EndProject
Project("{FAE04EC0-301F-11D3-BF4B-00C04F79EFBC}") = "Anuncios.Infra.IOC", "Anuncios.Infra.IOC\Anuncios.Infra.IOC.csproj", "{079A403B-4831-4EFE-887A-4D58DD6F1318}"
EndProject
Global
	GlobalSection(SolutionConfigurationPlatforms) = preSolution
		Debug|Any CPU = Debug|Any CPU
		Release|Any CPU = Release|Any CPU
	EndGlobalSection
	GlobalSection(ProjectConfigurationPlatforms) = postSolution
		{9C5D6F5E-A580-4C72-B4B4-684680E57240}.Debug|Any CPU.ActiveCfg = Debug|Any CPU
		{9C5D6F5E-A580-4C72-B4B4-684680E57240}.Debug|Any CPU.Build.0 = Debug|Any CPU
		{9C5D6F5E-A580-4C72-B4B4-684680E57240}.Release|Any CPU.ActiveCfg = Release|Any CPU
		{9C5D6F5E-A580-4C72-B4B4-684680E57240}.Release|Any CPU.Build.0 = Release|Any CPU
		{3732E273-1988-46D5-A782-50C0BB55E1E8}.Debug|Any CPU.ActiveCfg = Debug|Any CPU
		{3732E273-1988-46D5-A782-50C0BB55E1E8}.Debug|Any CPU.Build.0 = Debug|Any CPU
		{3732E273-1988-46D5-A782-50C0BB55E1E8}.Release|Any CPU.ActiveCfg = Release|Any CPU
		{3732E273-1988-46D5-A782-50C0BB55E1E8}.Release|Any CPU.Build.0 = Release|Any CPU
		{B66D5613-CB37-4A5D-B15B-E47FC1F94B38}.Debug|Any CPU.ActiveCfg = Debug|Any CPU
		{B66D5613-CB37-4A5D-B15B-E47FC1F94B38}.Debug|Any CPU.Build.0 = Debug|Any CPU
		{B66D5613-CB37-4A5D-B15B-E47FC1F94B38}.Release|Any CPU.ActiveCfg = Release|Any CPU
		{B66D5613-CB37-4A5D-B15B-E47FC1F94B38}.Release|Any CPU.Build.0 = Release|Any CPU
		{5C723673-3898-434B-BB89-32A733974356}.Debug|Any CPU.ActiveCfg = Debug|Any CPU
		{5C723673-3898-434B-BB89-32A733974356}.Debug|Any CPU.Build.0 = Debug|Any CPU
		{5C723673-3898-434B-BB89-32A733974356}.Release|Any CPU.ActiveCfg = Release|Any CPU
		{5C723673-3898-434B-BB89-32A733974356}.Release|Any CPU.Build.0 = Release|Any CPU
		{079A403B-4831-4EFE-887A-4D58DD6F1318}.Debug|Any CPU.ActiveCfg = Debug|Any CPU
		{079A403B-4831-4EFE-887A-4D58DD6F1318}.Debug|Any CPU.Build.0 = Debug|Any CPU
		{079A403B-4831-4EFE-887A-4D58DD6F1318}.Release|Any CPU.ActiveCfg = Release|Any CPU
		{079A403B-4831-4EFE-887A-4D58DD6F1318}.Release|Any CPU.Build.0 = Release|Any CPU
	EndGlobalSection
	GlobalSection(SolutionProperties) = preSolution
		HideSolutionNode = FALSE
	EndGlobalSection
	GlobalSection(NestedProjects) = preSolution
		{9C5D6F5E-A580-4C72-B4B4-684680E57240} = {5CCEFFDD-FEAF-467C-BA26-92166810FEF7}
		{3732E273-1988-46D5-A782-50C0BB55E1E8} = {3BEBA279-41CD-4988-AF1F-CF34BD5626FE}
		{B66D5613-CB37-4A5D-B15B-E47FC1F94B38} = {E5C8EB2F-9037-451E-92C2-4F1B77187442}
		{5C723673-3898-434B-BB89-32A733974356} = {83B72140-4D64-42A8-A543-759038FE39DF}
		{079A403B-4831-4EFE-887A-4D58DD6F1318} = {83B72140-4D64-42A8-A543-759038FE39DF}
	EndGlobalSection
	GlobalSection(ExtensibilityGlobals) = postSolution
		SolutionGuid = {19F6F65D-7D90-4243-A8C4-8E1D760CF40D}
	EndGlobalSection
EndGlobal
